
Microsoft Visual Studio Solution File, Format Version 12.00
# Visual Studio Version 16
VisualStudioVersion = 16.0.30225.117
MinimumVisualStudioVersion = 10.0.40219.1
Project("{8BC9CEB8-8B4A-11D0-8D11-00A0C91BC942}") = "多态", "多态.vcxproj", "{4CF0A72D-3709-4C42-AB67-FF0C4C724DFA}"
EndProject
Global
	GlobalSection(SolutionConfigurationPlatforms) = preSolution
		Debug|x64 = Debug|x64
		Debug|x86 = Debug|x86
		Release|x64 = Release|x64
		Release|x86 = Release|x86
	EndGlobalSection
	GlobalSection(ProjectConfigurationPlatforms) = postSolution
		{4CF0A72D-3709-4C42-AB67-FF0C4C724DFA}.Debug|x64.ActiveCfg = Debug|x64
		{4CF0A72D-3709-4C42-AB67-FF0C4C724DFA}.Debug|x64.Build.0 = Debug|x64
		{4CF0A72D-3709-4C42-AB67-FF0C4C724DFA}.Debug|x86.ActiveCfg = Debug|Win32
		{4CF0A72D-3709-4C42-AB67-FF0C4C724DFA}.Debug|x86.Build.0 = Debug|Win32
		{4CF0A72D-3709-4C42-AB67-FF0C4C724DFA}.Release|x64.ActiveCfg = Release|x64
		{4CF0A72D-3709-4C42-AB67-FF0C4C724DFA}.Release|x64.Build.0 = Release|x64
		{4CF0A72D-3709-4C42-AB67-FF0C4C724DFA}.Release|x86.ActiveCfg = Release|Win32
		{4CF0A72D-3709-4C42-AB67-FF0C4C724DFA}.Release|x86.Build.0 = Release|Win32
	EndGlobalSection
	GlobalSection(SolutionProperties) = preSolution
		HideSolutionNode = FALSE
	EndGlobalSection
	GlobalSection(ExtensibilityGlobals) = postSolution
		SolutionGuid = {BF999F2B-8CB8-423E-8EB4-B0E441793751}
	EndGlobalSection
EndGlobal
